
Microsoft Visual Studio Solution File, Format Version 12.00
# Visual Studio Version 17
VisualStudioVersion = 17.11.35208.52
MinimumVisualStudioVersion = 10.0.40219.1
Project("{FAE04EC0-301F-11D3-BF4B-00C04F79EFBC}") = "DemoProject", "DemoProject\DemoProject.csproj", "{BAE93C17-4D69-47A0-AB19-6A341876E887}"
EndProject
Global
	GlobalSection(SolutionConfigurationPlatforms) = preSolution
		Debug|Any CPU = Debug|Any CPU
		Release|Any CPU = Release|Any CPU
	EndGlobalSection
	GlobalSection(ProjectConfigurationPlatforms) = postSolution
		{BAE93C17-4D69-47A0-AB19-6A341876E887}.Debug|Any CPU.ActiveCfg = Debug|Any CPU
		{BAE93C17-4D69-47A0-AB19-6A341876E887}.Debug|Any CPU.Build.0 = Debug|Any CPU
		{BAE93C17-4D69-47A0-AB19-6A341876E887}.Release|Any CPU.ActiveCfg = Release|Any CPU
		{BAE93C17-4D69-47A0-AB19-6A341876E887}.Release|Any CPU.Build.0 = Release|Any CPU
	EndGlobalSection
	GlobalSection(SolutionProperties) = preSolution
		HideSolutionNode = FALSE
	EndGlobalSection
	GlobalSection(ExtensibilityGlobals) = postSolution
		SolutionGuid = {F6343709-5DC9-4370-B32C-ED94215A5684}
	EndGlobalSection
EndGlobal
